
Microsoft Visual Studio Solution File, Format Version 12.00
# Visual Studio Version 17
VisualStudioVersion = 17.11.35219.272
MinimumVisualStudioVersion = 10.0.40219.1
Project("{888888A0-9F3D-457C-B088-3A5042F75D52}") = "tund3", "tund3\tund3.pyproj", "{09A03F39-74CC-47FD-9210-F97190078CD1}"
EndProject
Global
	GlobalSection(SolutionConfigurationPlatforms) = preSolution
		Debug|Any CPU = Debug|Any CPU
		Release|Any CPU = Release|Any CPU
	EndGlobalSection
	GlobalSection(ProjectConfigurationPlatforms) = postSolution
		{09A03F39-74CC-47FD-9210-F97190078CD1}.Debug|Any CPU.ActiveCfg = Debug|Any CPU
		{09A03F39-74CC-47FD-9210-F97190078CD1}.Release|Any CPU.ActiveCfg = Release|Any CPU
	EndGlobalSection
	GlobalSection(SolutionProperties) = preSolution
		HideSolutionNode = FALSE
	EndGlobalSection
	GlobalSection(ExtensibilityGlobals) = postSolution
		SolutionGuid = {EB545A8E-0681-4A3A-9A76-D48338982A73}
	EndGlobalSection
EndGlobal
