
Microsoft Visual Studio Solution File, Format Version 12.00
# Visual Studio Version 17
VisualStudioVersion = 17.11.35219.272
MinimumVisualStudioVersion = 10.0.40219.1
Project("{888888A0-9F3D-457C-B088-3A5042F75D52}") = "def_arvestus_too", "def_arvestus_too.pyproj", "{FA69606F-940B-4AB1-8941-563EEABCE1EC}"
EndProject
Global
	GlobalSection(SolutionConfigurationPlatforms) = preSolution
		Debug|Any CPU = Debug|Any CPU
		Release|Any CPU = Release|Any CPU
	EndGlobalSection
	GlobalSection(ProjectConfigurationPlatforms) = postSolution
		{FA69606F-940B-4AB1-8941-563EEABCE1EC}.Debug|Any CPU.ActiveCfg = Debug|Any CPU
		{FA69606F-940B-4AB1-8941-563EEABCE1EC}.Release|Any CPU.ActiveCfg = Release|Any CPU
	EndGlobalSection
	GlobalSection(SolutionProperties) = preSolution
		HideSolutionNode = FALSE
	EndGlobalSection
	GlobalSection(ExtensibilityGlobals) = postSolution
		SolutionGuid = {C704ECED-C686-4CB3-B0E5-45B5C482673B}
	EndGlobalSection
EndGlobal
