
Microsoft Visual Studio Solution File, Format Version 12.00
# Visual Studio Version 17
VisualStudioVersion = 17.13.35806.99 d17.13
MinimumVisualStudioVersion = 10.0.40219.1
Project("{888888A0-9F3D-457C-B088-3A5042F75D52}") = "tund4", "tund4.pyproj", "{CB06F443-D91F-4483-BE5C-BBF39B494A6C}"
EndProject
Global
	GlobalSection(SolutionConfigurationPlatforms) = preSolution
		Debug|Any CPU = Debug|Any CPU
		Release|Any CPU = Release|Any CPU
	EndGlobalSection
	GlobalSection(ProjectConfigurationPlatforms) = postSolution
		{CB06F443-D91F-4483-BE5C-BBF39B494A6C}.Debug|Any CPU.ActiveCfg = Debug|Any CPU
		{CB06F443-D91F-4483-BE5C-BBF39B494A6C}.Release|Any CPU.ActiveCfg = Release|Any CPU
	EndGlobalSection
	GlobalSection(SolutionProperties) = preSolution
		HideSolutionNode = FALSE
	EndGlobalSection
	GlobalSection(ExtensibilityGlobals) = postSolution
		SolutionGuid = {3057EE99-D3C6-48DE-AF0C-3E8215B77B34}
	EndGlobalSection
EndGlobal
