
Microsoft Visual Studio Solution File, Format Version 12.00
# Visual Studio Version 17
VisualStudioVersion = 17.11.35219.272
MinimumVisualStudioVersion = 10.0.40219.1
Project("{888888A0-9F3D-457C-B088-3A5042F75D52}") = "kivipabeer", "kivipabeer.pyproj", "{743D3C85-A3E9-470B-831B-B9A11B43332C}"
EndProject
Global
	GlobalSection(SolutionConfigurationPlatforms) = preSolution
		Debug|Any CPU = Debug|Any CPU
		Release|Any CPU = Release|Any CPU
	EndGlobalSection
	GlobalSection(ProjectConfigurationPlatforms) = postSolution
		{743D3C85-A3E9-470B-831B-B9A11B43332C}.Debug|Any CPU.ActiveCfg = Debug|Any CPU
		{743D3C85-A3E9-470B-831B-B9A11B43332C}.Release|Any CPU.ActiveCfg = Release|Any CPU
	EndGlobalSection
	GlobalSection(SolutionProperties) = preSolution
		HideSolutionNode = FALSE
	EndGlobalSection
	GlobalSection(ExtensibilityGlobals) = postSolution
		SolutionGuid = {4E828446-5C6A-4DCF-A642-5F427BF46D55}
	EndGlobalSection
EndGlobal
